// !$*UTF8*$!
{
	archiveVersion = 1;
	classes = {
	};
	objectVersion = 51;
	objects = {

/* Begin PBXBuildFile section */
		67ECFE3FB04604FAF990B6CA /* Pods_flixster_flixsterUITests.framework in Frameworks */ = {isa = PBXBuildFile; fileRef = 94E6A6E34D7E808F8078B641 /* Pods_flixster_flixsterUITests.framework */; };
		68163693251E011A00FC8C06 /* MovieCell.swift in Sources */ = {isa = PBXBuildFile; fileRef = 68163692251E011A00FC8C06 /* MovieCell.swift */; };
		682EFD282527DCFA00480CCD /* MovieGridCell.swift in Sources */ = {isa = PBXBuildFile; fileRef = 682EFD272527DCFA00480CCD /* MovieGridCell.swift */; };
		6854AB252527282A00EA0D76 /* MovieDetailsViewController.swift in Sources */ = {isa = PBXBuildFile; fileRef = 6854AB242527282A00EA0D76 /* MovieDetailsViewController.swift */; };
		6854AB2A2527BD6000EA0D76 /* MovieGridViewController.swift in Sources */ = {isa = PBXBuildFile; fileRef = 6854AB292527BD5F00EA0D76 /* MovieGridViewController.swift */; };
		68AB9CA9251DCA2A003AC886 /* AppDelegate.swift in Sources */ = {isa = PBXBuildFile; fileRef = 68AB9CA8251DCA2A003AC886 /* AppDelegate.swift */; };
		68AB9CAB251DCA2A003AC886 /* SceneDelegate.swift in Sources */ = {isa = PBXBuildFile; fileRef = 68AB9CAA251DCA2A003AC886 /* SceneDelegate.swift */; };
		68AB9CAD251DCA2A003AC886 /* ViewController.swift in Sources */ = {isa = PBXBuildFile; fileRef = 68AB9CAC251DCA2A003AC886 /* ViewController.swift */; };
		68AB9CB0251DCA2A003AC886 /* Main.storyboard in Resources */ = {isa = PBXBuildFile; fileRef = 68AB9CAE251DCA2A003AC886 /* Main.storyboard */; };
		68AB9CB2251DCA2E003AC886 /* Assets.xcassets in Resources */ = {isa = PBXBuildFile; fileRef = 68AB9CB1251DCA2E003AC886 /* Assets.xcassets */; };
		68AB9CB5251DCA2E003AC886 /* LaunchScreen.storyboard in Resources */ = {isa = PBXBuildFile; fileRef = 68AB9CB3251DCA2E003AC886 /* LaunchScreen.storyboard */; };
		68AB9CC0251DCA2F003AC886 /* flixsterTests.swift in Sources */ = {isa = PBXBuildFile; fileRef = 68AB9CBF251DCA2F003AC886 /* flixsterTests.swift */; };
		68AB9CCB251DCA2F003AC886 /* flixsterUITests.swift in Sources */ = {isa = PBXBuildFile; fileRef = 68AB9CCA251DCA2F003AC886 /* flixsterUITests.swift */; };
		68AB9CDC251DCE36003AC886 /* MoviesViewController.swift in Sources */ = {isa = PBXBuildFile; fileRef = 68AB9CDB251DCE36003AC886 /* MoviesViewController.swift */; };
		A18AE37FF2838241154720CC /* Pods_flixster.framework in Frameworks */ = {isa = PBXBuildFile; fileRef = 0B810132833BE734D07DE7DE /* Pods_flixster.framework */; };
		F763AB46E56414E2A44D1103 /* Pods_flixsterTests.framework in Frameworks */ = {isa = PBXBuildFile; fileRef = D08034286F8166E6D12039F5 /* Pods_flixsterTests.framework */; };
/* End PBXBuildFile section */

/* Begin PBXContainerItemProxy section */
		68AB9CBC251DCA2F003AC886 /* PBXContainerItemProxy */ = {
			isa = PBXContainerItemProxy;
			containerPortal = 68AB9C9D251DCA2A003AC886 /* Project object */;
			proxyType = 1;
			remoteGlobalIDString = 68AB9CA4251DCA2A003AC886;
			remoteInfo = flixster;
		};
		68AB9CC7251DCA2F003AC886 /* PBXContainerItemProxy */ = {
			isa = PBXContainerItemProxy;
			containerPortal = 68AB9C9D251DCA2A003AC886 /* Project object */;
			proxyType = 1;
			remoteGlobalIDString = 68AB9CA4251DCA2A003AC886;
			remoteInfo = flixster;
		};
/* End PBXContainerItemProxy section */

/* Begin PBXFileReference section */
		0B810132833BE734D07DE7DE /* Pods_flixster.framework */ = {isa = PBXFileReference; explicitFileType = wrapper.framework; includeInIndex = 0; path = Pods_flixster.framework; sourceTree = BUILT_PRODUCTS_DIR; };
		4AC400F49CE0D13D682B5CC1 /* Pods-flixster.debug.xcconfig */ = {isa = PBXFileReference; includeInIndex = 1; lastKnownFileType = text.xcconfig; name = "Pods-flixster.debug.xcconfig"; path = "Target Support Files/Pods-flixster/Pods-flixster.debug.xcconfig"; sourceTree = "<group>"; };
		615CE53996E7B30E781796B2 /* Pods-flixster.release.xcconfig */ = {isa = PBXFileReference; includeInIndex = 1; lastKnownFileType = text.xcconfig; name = "Pods-flixster.release.xcconfig"; path = "Target Support Files/Pods-flixster/Pods-flixster.release.xcconfig"; sourceTree = "<group>"; };
		68163692251E011A00FC8C06 /* MovieCell.swift */ = {isa = PBXFileReference; lastKnownFileType = sourcecode.swift; path = MovieCell.swift; sourceTree = "<group>"; };
		682EFD272527DCFA00480CCD /* MovieGridCell.swift */ = {isa = PBXFileReference; lastKnownFileType = sourcecode.swift; path = MovieGridCell.swift; sourceTree = "<group>"; };
		6854AB242527282A00EA0D76 /* MovieDetailsViewController.swift */ = {isa = PBXFileReference; lastKnownFileType = sourcecode.swift; path = MovieDetailsViewController.swift; sourceTree = "<group>"; };
		6854AB292527BD5F00EA0D76 /* MovieGridViewController.swift */ = {isa = PBXFileReference; lastKnownFileType = sourcecode.swift; path = MovieGridViewController.swift; sourceTree = "<group>"; };
		68AB9CA5251DCA2A003AC886 /* flixster.app */ = {isa = PBXFileReference; explicitFileType = wrapper.application; includeInIndex = 0; path = flixster.app; sourceTree = BUILT_PRODUCTS_DIR; };
		68AB9CA8251DCA2A003AC886 /* AppDelegate.swift */ = {isa = PBXFileReference; lastKnownFileType = sourcecode.swift; path = AppDelegate.swift; sourceTree = "<group>"; };
		68AB9CAA251DCA2A003AC886 /* SceneDelegate.swift */ = {isa = PBXFileReference; lastKnownFileType = sourcecode.swift; path = SceneDelegate.swift; sourceTree = "<group>"; };
		68AB9CAC251DCA2A003AC886 /* ViewController.swift */ = {isa = PBXFileReference; lastKnownFileType = sourcecode.swift; path = ViewController.swift; sourceTree = "<group>"; };
		68AB9CAF251DCA2A003AC886 /* Base */ = {isa = PBXFileReference; lastKnownFileType = file.storyboard; name = Base; path = Base.lproj/Main.storyboard; sourceTree = "<group>"; };
		68AB9CB1251DCA2E003AC886 /* Assets.xcassets */ = {isa = PBXFileReference; lastKnownFileType = folder.assetcatalog; path = Assets.xcassets; sourceTree = "<group>"; };
		68AB9CB4251DCA2E003AC886 /* Base */ = {isa = PBXFileReference; lastKnownFileType = file.storyboard; name = Base; path = Base.lproj/LaunchScreen.storyboard; sourceTree = "<group>"; };
		68AB9CB6251DCA2E003AC886 /* Info.plist */ = {isa = PBXFileReference; lastKnownFileType = text.plist.xml; path = Info.plist; sourceTree = "<group>"; };
		68AB9CBB251DCA2F003AC886 /* flixsterTests.xctest */ = {isa = PBXFileReference; explicitFileType = wrapper.cfbundle; includeInIndex = 0; path = flixsterTests.xctest; sourceTree = BUILT_PRODUCTS_DIR; };
		68AB9CBF251DCA2F003AC886 /* flixsterTests.swift */ = {isa = PBXFileReference; lastKnownFileType = sourcecode.swift; path = flixsterTests.swift; sourceTree = "<group>"; };
		68AB9CC1251DCA2F003AC886 /* Info.plist */ = {isa = PBXFileReference; lastKnownFileType = text.plist.xml; path = Info.plist; sourceTree = "<group>"; };
		68AB9CC6251DCA2F003AC886 /* flixsterUITests.xctest */ = {isa = PBXFileReference; explicitFileType = wrapper.cfbundle; includeInIndex = 0; path = flixsterUITests.xctest; sourceTree = BUILT_PRODUCTS_DIR; };
		68AB9CCA251DCA2F003AC886 /* flixsterUITests.swift */ = {isa = PBXFileReference; lastKnownFileType = sourcecode.swift; path = flixsterUITests.swift; sourceTree = "<group>"; };
		68AB9CCC251DCA2F003AC886 /* Info.plist */ = {isa = PBXFileReference; lastKnownFileType = text.plist.xml; path = Info.plist; sourceTree = "<group>"; };
		68AB9CDB251DCE36003AC886 /* MoviesViewController.swift */ = {isa = PBXFileReference; lastKnownFileType = sourcecode.swift; path = MoviesViewController.swift; sourceTree = "<group>"; };
		94E6A6E34D7E808F8078B641 /* Pods_flixster_flixsterUITests.framework */ = {isa = PBXFileReference; explicitFileType = wrapper.framework; includeInIndex = 0; path = Pods_flixster_flixsterUITests.framework; sourceTree = BUILT_PRODUCTS_DIR; };
		9C9B89614DA694506DAA504C /* Pods-flixsterTests.debug.xcconfig */ = {isa = PBXFileReference; includeInIndex = 1; lastKnownFileType = text.xcconfig; name = "Pods-flixsterTests.debug.xcconfig"; path = "Target Support Files/Pods-flixsterTests/Pods-flixsterTests.debug.xcconfig"; sourceTree = "<group>"; };
		A50541B764F8021ADD5A4B2A /* Pods-flixster-flixsterUITests.debug.xcconfig */ = {isa = PBXFileReference; includeInIndex = 1; lastKnownFileType = text.xcconfig; name = "Pods-flixster-flixsterUITests.debug.xcconfig"; path = "Target Support Files/Pods-flixster-flixsterUITests/Pods-flixster-flixsterUITests.debug.xcconfig"; sourceTree = "<group>"; };
		C961E6886762931320063699 /* Pods-flixsterTests.release.xcconfig */ = {isa = PBXFileReference; includeInIndex = 1; lastKnownFileType = text.xcconfig; name = "Pods-flixsterTests.release.xcconfig"; path = "Target Support Files/Pods-flixsterTests/Pods-flixsterTests.release.xcconfig"; sourceTree = "<group>"; };
		D08034286F8166E6D12039F5 /* Pods_flixsterTests.framework */ = {isa = PBXFileReference; explicitFileType = wrapper.framework; includeInIndex = 0; path = Pods_flixsterTests.framework; sourceTree = BUILT_PRODUCTS_DIR; };
		E32C478C6416142C1C601BB5 /* Pods-flixster-flixsterUITests.release.xcconfig */ = {isa = PBXFileReference; includeInIndex = 1; lastKnownFileType = text.xcconfig; name = "Pods-flixster-flixsterUITests.release.xcconfig"; path = "Target Support Files/Pods-flixster-flixsterUITests/Pods-flixster-flixsterUITests.release.xcconfig"; sourceTree = "<group>"; };
/* End PBXFileReference section */

/* Begin PBXFrameworksBuildPhase section */
		68AB9CA2251DCA2A003AC886 /* Frameworks */ = {
			isa = PBXFrameworksBuildPhase;
			buildActionMask = 2147483647;
			files = (
				A18AE37FF2838241154720CC /* Pods_flixster.framework in Frameworks */,
			);
			runOnlyForDeploymentPostprocessing = 0;
		};
		68AB9CB8251DCA2F003AC886 /* Frameworks */ = {
			isa = PBXFrameworksBuildPhase;
			buildActionMask = 2147483647;
			files = (
				F763AB46E56414E2A44D1103 /* Pods_flixsterTests.framework in Frameworks */,
			);
			runOnlyForDeploymentPostprocessing = 0;
		};
		68AB9CC3251DCA2F003AC886 /* Frameworks */ = {
			isa = PBXFrameworksBuildPhase;
			buildActionMask = 2147483647;
			files = (
				67ECFE3FB04604FAF990B6CA /* Pods_flixster_flixsterUITests.framework in Frameworks */,
			);
			runOnlyForDeploymentPostprocessing = 0;
		};
/* End PBXFrameworksBuildPhase section */

/* Begin PBXGroup section */
		17A4DDF50FFA4FA773BF9929 /* Pods */ = {
			isa = PBXGroup;
			children = (
				4AC400F49CE0D13D682B5CC1 /* Pods-flixster.debug.xcconfig */,
				615CE53996E7B30E781796B2 /* Pods-flixster.release.xcconfig */,
				A50541B764F8021ADD5A4B2A /* Pods-flixster-flixsterUITests.debug.xcconfig */,
				E32C478C6416142C1C601BB5 /* Pods-flixster-flixsterUITests.release.xcconfig */,
				9C9B89614DA694506DAA504C /* Pods-flixsterTests.debug.xcconfig */,
				C961E6886762931320063699 /* Pods-flixsterTests.release.xcconfig */,
			);
			path = Pods;
			sourceTree = "<group>";
		};
		68AB9C9C251DCA2A003AC886 = {
			isa = PBXGroup;
			children = (
				68AB9CA7251DCA2A003AC886 /* flixster */,
				68AB9CBE251DCA2F003AC886 /* flixsterTests */,
				68AB9CC9251DCA2F003AC886 /* flixsterUITests */,
				68AB9CA6251DCA2A003AC886 /* Products */,
				17A4DDF50FFA4FA773BF9929 /* Pods */,
				DF3B2D52676C120D4975C2E1 /* Frameworks */,
			);
			sourceTree = "<group>";
		};
		68AB9CA6251DCA2A003AC886 /* Products */ = {
			isa = PBXGroup;
			children = (
				68AB9CA5251DCA2A003AC886 /* flixster.app */,
				68AB9CBB251DCA2F003AC886 /* flixsterTests.xctest */,
				68AB9CC6251DCA2F003AC886 /* flixsterUITests.xctest */,
			);
			name = Products;
			sourceTree = "<group>";
		};
		68AB9CA7251DCA2A003AC886 /* flixster */ = {
			isa = PBXGroup;
			children = (
				68AB9CA8251DCA2A003AC886 /* AppDelegate.swift */,
				68AB9CAA251DCA2A003AC886 /* SceneDelegate.swift */,
				68AB9CAC251DCA2A003AC886 /* ViewController.swift */,
				68AB9CAE251DCA2A003AC886 /* Main.storyboard */,
				68163692251E011A00FC8C06 /* MovieCell.swift */,
				68AB9CB1251DCA2E003AC886 /* Assets.xcassets */,
				68AB9CB3251DCA2E003AC886 /* LaunchScreen.storyboard */,
				68AB9CB6251DCA2E003AC886 /* Info.plist */,
				68AB9CDB251DCE36003AC886 /* MoviesViewController.swift */,
				6854AB242527282A00EA0D76 /* MovieDetailsViewController.swift */,
				6854AB292527BD5F00EA0D76 /* MovieGridViewController.swift */,
				682EFD272527DCFA00480CCD /* MovieGridCell.swift */,
			);
			path = flixster;
			sourceTree = "<group>";
		};
		68AB9CBE251DCA2F003AC886 /* flixsterTests */ = {
			isa = PBXGroup;
			children = (
				68AB9CBF251DCA2F003AC886 /* flixsterTests.swift */,
				68AB9CC1251DCA2F003AC886 /* Info.plist */,
			);
			path = flixsterTests;
			sourceTree = "<group>";
		};
		68AB9CC9251DCA2F003AC886 /* flixsterUITests */ = {
			isa = PBXGroup;
			children = (
				68AB9CCA251DCA2F003AC886 /* flixsterUITests.swift */,
				68AB9CCC251DCA2F003AC886 /* Info.plist */,
			);
			path = flixsterUITests;
			sourceTree = "<group>";
		};
		DF3B2D52676C120D4975C2E1 /* Frameworks */ = {
			isa = PBXGroup;
			children = (
				0B810132833BE734D07DE7DE /* Pods_flixster.framework */,
				94E6A6E34D7E808F8078B641 /* Pods_flixster_flixsterUITests.framework */,
				D08034286F8166E6D12039F5 /* Pods_flixsterTests.framework */,
			);
			name = Frameworks;
			sourceTree = "<group>";
		};
/* End PBXGroup section */

/* Begin PBXNativeTarget section */
		68AB9CA4251DCA2A003AC886 /* flixster */ = {
			isa = PBXNativeTarget;
			buildConfigurationList = 68AB9CCF251DCA2F003AC886 /* Build configuration list for PBXNativeTarget "flixster" */;
			buildPhases = (
				A2B35686E45B59A682DA9036 /* [CP] Check Pods Manifest.lock */,
				68AB9CA1251DCA2A003AC886 /* Sources */,
				68AB9CA2251DCA2A003AC886 /* Frameworks */,
				68AB9CA3251DCA2A003AC886 /* Resources */,
				1227CD7BE297A387A0A1A157 /* [CP] Embed Pods Frameworks */,
			);
			buildRules = (
			);
			dependencies = (
			);
			name = flixster;
			productName = flixster;
			productReference = 68AB9CA5251DCA2A003AC886 /* flixster.app */;
			productType = "com.apple.product-type.application";
		};
		68AB9CBA251DCA2F003AC886 /* flixsterTests */ = {
			isa = PBXNativeTarget;
			buildConfigurationList = 68AB9CD2251DCA2F003AC886 /* Build configuration list for PBXNativeTarget "flixsterTests" */;
			buildPhases = (
				6683A8AB6D9489CA1562A34F /* [CP] Check Pods Manifest.lock */,
				68AB9CB7251DCA2F003AC886 /* Sources */,
				68AB9CB8251DCA2F003AC886 /* Frameworks */,
				68AB9CB9251DCA2F003AC886 /* Resources */,
			);
			buildRules = (
			);
			dependencies = (
				68AB9CBD251DCA2F003AC886 /* PBXTargetDependency */,
			);
			name = flixsterTests;
			productName = flixsterTests;
			productReference = 68AB9CBB251DCA2F003AC886 /* flixsterTests.xctest */;
			productType = "com.apple.product-type.bundle.unit-test";
		};
		68AB9CC5251DCA2F003AC886 /* flixsterUITests */ = {
			isa = PBXNativeTarget;
			buildConfigurationList = 68AB9CD5251DCA2F003AC886 /* Build configuration list for PBXNativeTarget "flixsterUITests" */;
			buildPhases = (
				EA53F1F5C146FF6AE165DE08 /* [CP] Check Pods Manifest.lock */,
				68AB9CC2251DCA2F003AC886 /* Sources */,
				68AB9CC3251DCA2F003AC886 /* Frameworks */,
				68AB9CC4251DCA2F003AC886 /* Resources */,
				957973DA71F8432945E64D2E /* [CP] Embed Pods Frameworks */,
			);
			buildRules = (
			);
			dependencies = (
				68AB9CC8251DCA2F003AC886 /* PBXTargetDependency */,
			);
			name = flixsterUITests;
			productName = flixsterUITests;
			productReference = 68AB9CC6251DCA2F003AC886 /* flixsterUITests.xctest */;
			productType = "com.apple.product-type.bundle.ui-testing";
		};
/* End PBXNativeTarget section */

/* Begin PBXProject section */
		68AB9C9D251DCA2A003AC886 /* Project object */ = {
			isa = PBXProject;
			attributes = {
				LastSwiftUpdateCheck = 1200;
				LastUpgradeCheck = 1200;
				TargetAttributes = {
					68AB9CA4251DCA2A003AC886 = {
						CreatedOnToolsVersion = 12.0;
					};
					68AB9CBA251DCA2F003AC886 = {
						CreatedOnToolsVersion = 12.0;
						TestTargetID = 68AB9CA4251DCA2A003AC886;
					};
					68AB9CC5251DCA2F003AC886 = {
						CreatedOnToolsVersion = 12.0;
						TestTargetID = 68AB9CA4251DCA2A003AC886;
					};
				};
			};
			buildConfigurationList = 68AB9CA0251DCA2A003AC886 /* Build configuration list for PBXProject "flixster" */;
			compatibilityVersion = "Xcode 9.3";
			developmentRegion = en;
			hasScannedForEncodings = 0;
			knownRegions = (
				en,
				Base,
			);
			mainGroup = 68AB9C9C251DCA2A003AC886;
			productRefGroup = 68AB9CA6251DCA2A003AC886 /* Products */;
			projectDirPath = "";
			projectRoot = "";
			targets = (
				68AB9CA4251DCA2A003AC886 /* flixster */,
				68AB9CBA251DCA2F003AC886 /* flixsterTests */,
				68AB9CC5251DCA2F003AC886 /* flixsterUITests */,
			);
		};
/* End PBXProject section */

/* Begin PBXResourcesBuildPhase section */
		68AB9CA3251DCA2A003AC886 /* Resources */ = {
			isa = PBXResourcesBuildPhase;
			buildActionMask = 2147483647;
			files = (
				68AB9CB5251DCA2E003AC886 /* LaunchScreen.storyboard in Resources */,
				68AB9CB2251DCA2E003AC886 /* Assets.xcassets in Resources */,
				68AB9CB0251DCA2A003AC886 /* Main.storyboard in Resources */,
			);
			runOnlyForDeploymentPostprocessing = 0;
		};
		68AB9CB9251DCA2F003AC886 /* Resources */ = {
			isa = PBXResourcesBuildPhase;
			buildActionMask = 2147483647;
			files = (
			);
			runOnlyForDeploymentPostprocessing = 0;
		};
		68AB9CC4251DCA2F003AC886 /* Resources */ = {
			isa = PBXResourcesBuildPhase;
			buildActionMask = 2147483647;
			files = (
			);
			runOnlyForDeploymentPostprocessing = 0;
		};
/* End PBXResourcesBuildPhase section */

/* Begin PBXShellScriptBuildPhase section */
		1227CD7BE297A387A0A1A157 /* [CP] Embed Pods Frameworks */ = {
			isa = PBXShellScriptBuildPhase;
			buildActionMask = 2147483647;
			files = (
			);
			inputFileListPaths = (
				"${PODS_ROOT}/Target Support Files/Pods-flixster/Pods-flixster-frameworks-${CONFIGURATION}-input-files.xcfilelist",
			);
			name = "[CP] Embed Pods Frameworks";
			outputFileListPaths = (
				"${PODS_ROOT}/Target Support Files/Pods-flixster/Pods-flixster-frameworks-${CONFIGURATION}-output-files.xcfilelist",
			);
			runOnlyForDeploymentPostprocessing = 0;
			shellPath = /bin/sh;
			shellScript = "\"${PODS_ROOT}/Target Support Files/Pods-flixster/Pods-flixster-frameworks.sh\"\n";
			showEnvVarsInLog = 0;
		};
		6683A8AB6D9489CA1562A34F /* [CP] Check Pods Manifest.lock */ = {
			isa = PBXShellScriptBuildPhase;
			buildActionMask = 2147483647;
			files = (
			);
			inputFileListPaths = (
			);
			inputPaths = (
				"${PODS_PODFILE_DIR_PATH}/Podfile.lock",
				"${PODS_ROOT}/Manifest.lock",
			);
			name = "[CP] Check Pods Manifest.lock";
			outputFileListPaths = (
			);
			outputPaths = (
				"$(DERIVED_FILE_DIR)/Pods-flixsterTests-checkManifestLockResult.txt",
			);
			runOnlyForDeploymentPostprocessing = 0;
			shellPath = /bin/sh;
			shellScript = "diff \"${PODS_PODFILE_DIR_PATH}/Podfile.lock\" \"${PODS_ROOT}/Manifest.lock\" > /dev/null\nif [ $? != 0 ] ; then\n    # print error to STDERR\n    echo \"error: The sandbox is not in sync with the Podfile.lock. Run 'pod install' or update your CocoaPods installation.\" >&2\n    exit 1\nfi\n# This output is used by Xcode 'outputs' to avoid re-running this script phase.\necho \"SUCCESS\" > \"${SCRIPT_OUTPUT_FILE_0}\"\n";
			showEnvVarsInLog = 0;
		};
		957973DA71F8432945E64D2E /* [CP] Embed Pods Frameworks */ = {
			isa = PBXShellScriptBuildPhase;
			buildActionMask = 2147483647;
			files = (
			);
			inputFileListPaths = (
				"${PODS_ROOT}/Target Support Files/Pods-flixster-flixsterUITests/Pods-flixster-flixsterUITests-frameworks-${CONFIGURATION}-input-files.xcfilelist",
			);
			name = "[CP] Embed Pods Frameworks";
			outputFileListPaths = (
				"${PODS_ROOT}/Target Support Files/Pods-flixster-flixsterUITests/Pods-flixster-flixsterUITests-frameworks-${CONFIGURATION}-output-files.xcfilelist",
			);
			runOnlyForDeploymentPostprocessing = 0;
			shellPath = /bin/sh;
			shellScript = "\"${PODS_ROOT}/Target Support Files/Pods-flixster-flixsterUITests/Pods-flixster-flixsterUITests-frameworks.sh\"\n";
			showEnvVarsInLog = 0;
		};
		A2B35686E45B59A682DA9036 /* [CP] Check Pods Manifest.lock */ = {
			isa = PBXShellScriptBuildPhase;
			buildActionMask = 2147483647;
			files = (
			);
			inputFileListPaths = (
			);
			inputPaths = (
				"${PODS_PODFILE_DIR_PATH}/Podfile.lock",
				"${PODS_ROOT}/Manifest.lock",
			);
			name = "[CP] Check Pods Manifest.lock";
			outputFileListPaths = (
			);
			outputPaths = (
				"$(DERIVED_FILE_DIR)/Pods-flixster-checkManifestLockResult.txt",
			);
			runOnlyForDeploymentPostprocessing = 0;
			shellPath = /bin/sh;
			shellScript = "diff \"${PODS_PODFILE_DIR_PATH}/Podfile.lock\" \"${PODS_ROOT}/Manifest.lock\" > /dev/null\nif [ $? != 0 ] ; then\n    # print error to STDERR\n    echo \"error: The sandbox is not in sync with the Podfile.lock. Run 'pod install' or update your CocoaPods installation.\" >&2\n    exit 1\nfi\n# This output is used by Xcode 'outputs' to avoid re-running this script phase.\necho \"SUCCESS\" > \"${SCRIPT_OUTPUT_FILE_0}\"\n";
			showEnvVarsInLog = 0;
		};
		EA53F1F5C146FF6AE165DE08 /* [CP] Check Pods Manifest.lock */ = {
			isa = PBXShellScriptBuildPhase;
			buildActionMask = 2147483647;
			files = (
			);
			inputFileListPaths = (
			);
			inputPaths = (
				"${PODS_PODFILE_DIR_PATH}/Podfile.lock",
				"${PODS_ROOT}/Manifest.lock",
			);
			name = "[CP] Check Pods Manifest.lock";
			outputFileListPaths = (
			);
			outputPaths = (
				"$(DERIVED_FILE_DIR)/Pods-flixster-flixsterUITests-checkManifestLockResult.txt",
			);
			runOnlyForDeploymentPostprocessing = 0;
			shellPath = /bin/sh;
			shellScript = "diff \"${PODS_PODFILE_DIR_PATH}/Podfile.lock\" \"${PODS_ROOT}/Manifest.lock\" > /dev/null\nif [ $? != 0 ] ; then\n    # print error to STDERR\n    echo \"error: The sandbox is not in sync with the Podfile.lock. Run 'pod install' or update your CocoaPods installation.\" >&2\n    exit 1\nfi\n# This output is used by Xcode 'outputs' to avoid re-running this script phase.\necho \"SUCCESS\" > \"${SCRIPT_OUTPUT_FILE_0}\"\n";
			showEnvVarsInLog = 0;
		};
/* End PBXShellScriptBuildPhase section */

/* Begin PBXSourcesBuildPhase section */
		68AB9CA1251DCA2A003AC886 /* Sources */ = {
			isa = PBXSourcesBuildPhase;
			buildActionMask = 2147483647;
			files = (
				68AB9CAD251DCA2A003AC886 /* ViewController.swift in Sources */,
				68AB9CA9251DCA2A003AC886 /* AppDelegate.swift in Sources */,
				6854AB252527282A00EA0D76 /* MovieDetailsViewController.swift in Sources */,
				6854AB2A2527BD6000EA0D76 /* MovieGridViewController.swift in Sources */,
				682EFD282527DCFA00480CCD /* MovieGridCell.swift in Sources */,
				68AB9CAB251DCA2A003AC886 /* SceneDelegate.swift in Sources */,
				68163693251E011A00FC8C06 /* MovieCell.swift in Sources */,
				68AB9CDC251DCE36003AC886 /* MoviesViewController.swift in Sources */,
			);
			runOnlyForDeploymentPostprocessing = 0;
		};
		68AB9CB7251DCA2F003AC886 /* Sources */ = {
			isa = PBXSourcesBuildPhase;
			buildActionMask = 2147483647;
			files = (
				68AB9CC0251DCA2F003AC886 /* flixsterTests.swift in Sources */,
			);
			runOnlyForDeploymentPostprocessing = 0;
		};
		68AB9CC2251DCA2F003AC886 /* Sources */ = {
			isa = PBXSourcesBuildPhase;
			buildActionMask = 2147483647;
			files = (
				68AB9CCB251DCA2F003AC886 /* flixsterUITests.swift in Sources */,
			);
			runOnlyForDeploymentPostprocessing = 0;
		};
/* End PBXSourcesBuildPhase section */

/* Begin PBXTargetDependency section */
		68AB9CBD251DCA2F003AC886 /* PBXTargetDependency */ = {
			isa = PBXTargetDependency;
			target = 68AB9CA4251DCA2A003AC886 /* flixster */;
			targetProxy = 68AB9CBC251DCA2F003AC886 /* PBXContainerItemProxy */;
		};
		68AB9CC8251DCA2F003AC886 /* PBXTargetDependency */ = {
			isa = PBXTargetDependency;
			target = 68AB9CA4251DCA2A003AC886 /* flixster */;
			targetProxy = 68AB9CC7251DCA2F003AC886 /* PBXContainerItemProxy */;
		};
/* End PBXTargetDependency section */

/* Begin PBXVariantGroup section */
		68AB9CAE251DCA2A003AC886 /* Main.storyboard */ = {
			isa = PBXVariantGroup;
			children = (
				68AB9CAF251DCA2A003AC886 /* Base */,
			);
			name = Main.storyboard;
			sourceTree = "<group>";
		};
		68AB9CB3251DCA2E003AC886 /* LaunchScreen.storyboard */ = {
			isa = PBXVariantGroup;
			children = (
				68AB9CB4251DCA2E003AC886 /* Base */,
			);
			name = LaunchScreen.storyboard;
			sourceTree = "<group>";
		};
/* End PBXVariantGroup section */

/* Begin XCBuildConfiguration section */
		68AB9CCD251DCA2F003AC886 /* Debug */ = {
			isa = XCBuildConfiguration;
			buildSettings = {
				ALWAYS_SEARCH_USER_PATHS = NO;
				CLANG_ANALYZER_NONNULL = YES;
				CLANG_ANALYZER_NUMBER_OBJECT_CONVERSION = YES_AGGRESSIVE;
				CLANG_CXX_LANGUAGE_STANDARD = "gnu++14";
				CLANG_CXX_LIBRARY = "libc++";
				CLANG_ENABLE_MODULES = YES;
				CLANG_ENABLE_OBJC_ARC = YES;
				CLANG_ENABLE_OBJC_WEAK = YES;
				CLANG_WARN_BLOCK_CAPTURE_AUTORELEASING = YES;
				CLANG_WARN_BOOL_CONVERSION = YES;
				CLANG_WARN_COMMA = YES;
				CLANG_WARN_CONSTANT_CONVERSION = YES;
				CLANG_WARN_DEPRECATED_OBJC_IMPLEMENTATIONS = YES;
				CLANG_WARN_DIRECT_OBJC_ISA_USAGE = YES_ERROR;
				CLANG_WARN_DOCUMENTATION_COMMENTS = YES;
				CLANG_WARN_EMPTY_BODY = YES;
				CLANG_WARN_ENUM_CONVERSION = YES;
				CLANG_WARN_INFINITE_RECURSION = YES;
				CLANG_WARN_INT_CONVERSION = YES;
				CLANG_WARN_NON_LITERAL_NULL_CONVERSION = YES;
				CLANG_WARN_OBJC_IMPLICIT_RETAIN_SELF = YES;
				CLANG_WARN_OBJC_LITERAL_CONVERSION = YES;
				CLANG_WARN_OBJC_ROOT_CLASS = YES_ERROR;
				CLANG_WARN_QUOTED_INCLUDE_IN_FRAMEWORK_HEADER = YES;
				CLANG_WARN_RANGE_LOOP_ANALYSIS = YES;
				CLANG_WARN_STRICT_PROTOTYPES = YES;
				CLANG_WARN_SUSPICIOUS_MOVE = YES;
				CLANG_WARN_UNGUARDED_AVAILABILITY = YES_AGGRESSIVE;
				CLANG_WARN_UNREACHABLE_CODE = YES;
				CLANG_WARN__DUPLICATE_METHOD_MATCH = YES;
				COPY_PHASE_STRIP = NO;
				DEBUG_INFORMATION_FORMAT = dwarf;
				ENABLE_STRICT_OBJC_MSGSEND = YES;
				ENABLE_TESTABILITY = YES;
				GCC_C_LANGUAGE_STANDARD = gnu11;
				GCC_DYNAMIC_NO_PIC = NO;
				GCC_NO_COMMON_BLOCKS = YES;
				GCC_OPTIMIZATION_LEVEL = 0;
				GCC_PREPROCESSOR_DEFINITIONS = (
					"DEBUG=1",
					"$(inherited)",
				);
				GCC_WARN_64_TO_32_BIT_CONVERSION = YES;
				GCC_WARN_ABOUT_RETURN_TYPE = YES_ERROR;
				GCC_WARN_UNDECLARED_SELECTOR = YES;
				GCC_WARN_UNINITIALIZED_AUTOS = YES_AGGRESSIVE;
				GCC_WARN_UNUSED_FUNCTION = YES;
				GCC_WARN_UNUSED_VARIABLE = YES;
				IPHONEOS_DEPLOYMENT_TARGET = 14.0;
				MTL_ENABLE_DEBUG_INFO = INCLUDE_SOURCE;
				MTL_FAST_MATH = YES;
				ONLY_ACTIVE_ARCH = YES;
				SDKROOT = iphoneos;
				SWIFT_ACTIVE_COMPILATION_CONDITIONS = DEBUG;
				SWIFT_OPTIMIZATION_LEVEL = "-Onone";
			};
			name = Debug;
		};
		68AB9CCE251DCA2F003AC886 /* Release */ = {
			isa = XCBuildConfiguration;
			buildSettings = {
				ALWAYS_SEARCH_USER_PATHS = NO;
				CLANG_ANALYZER_NONNULL = YES;
				CLANG_ANALYZER_NUMBER_OBJECT_CONVERSION = YES_AGGRESSIVE;
				CLANG_CXX_LANGUAGE_STANDARD = "gnu++14";
				CLANG_CXX_LIBRARY = "libc++";
				CLANG_ENABLE_MODULES = YES;
				CLANG_ENABLE_OBJC_ARC = YES;
				CLANG_ENABLE_OBJC_WEAK = YES;
				CLANG_WARN_BLOCK_CAPTURE_AUTORELEASING = YES;
				CLANG_WARN_BOOL_CONVERSION = YES;
				CLANG_WARN_COMMA = YES;
				CLANG_WARN_CONSTANT_CONVERSION = YES;
				CLANG_WARN_DEPRECATED_OBJC_IMPLEMENTATIONS = YES;
				CLANG_WARN_DIRECT_OBJC_ISA_USAGE = YES_ERROR;
				CLANG_WARN_DOCUMENTATION_COMMENTS = YES;
				CLANG_WARN_EMPTY_BODY = YES;
				CLANG_WARN_ENUM_CONVERSION = YES;
				CLANG_WARN_INFINITE_RECURSION = YES;
				CLANG_WARN_INT_CONVERSION = YES;
				CLANG_WARN_NON_LITERAL_NULL_CONVERSION = YES;
				CLANG_WARN_OBJC_IMPLICIT_RETAIN_SELF = YES;
				CLANG_WARN_OBJC_LITERAL_CONVERSION = YES;
				CLANG_WARN_OBJC_ROOT_CLASS = YES_ERROR;
				CLANG_WARN_QUOTED_INCLUDE_IN_FRAMEWORK_HEADER = YES;
				CLANG_WARN_RANGE_LOOP_ANALYSIS = YES;
				CLANG_WARN_STRICT_PROTOTYPES = YES;
				CLANG_WARN_SUSPICIOUS_MOVE = YES;
				CLANG_WARN_UNGUARDED_AVAILABILITY = YES_AGGRESSIVE;
				CLANG_WARN_UNREACHABLE_CODE = YES;
				CLANG_WARN__DUPLICATE_METHOD_MATCH = YES;
				COPY_PHASE_STRIP = NO;
				DEBUG_INFORMATION_FORMAT = "dwarf-with-dsym";
				ENABLE_NS_ASSERTIONS = NO;
				ENABLE_STRICT_OBJC_MSGSEND = YES;
				GCC_C_LANGUAGE_STANDARD = gnu11;
				GCC_NO_COMMON_BLOCKS = YES;
				GCC_WARN_64_TO_32_BIT_CONVERSION = YES;
				GCC_WARN_ABOUT_RETURN_TYPE = YES_ERROR;
				GCC_WARN_UNDECLARED_SELECTOR = YES;
				GCC_WARN_UNINITIALIZED_AUTOS = YES_AGGRESSIVE;
				GCC_WARN_UNUSED_FUNCTION = YES;
				GCC_WARN_UNUSED_VARIABLE = YES;
				IPHONEOS_DEPLOYMENT_TARGET = 14.0;
				MTL_ENABLE_DEBUG_INFO = NO;
				MTL_FAST_MATH = YES;
				SDKROOT = iphoneos;
				SWIFT_COMPILATION_MODE = wholemodule;
				SWIFT_OPTIMIZATION_LEVEL = "-O";
				VALIDATE_PRODUCT = YES;
			};
			name = Release;
		};
		68AB9CD0251DCA2F003AC886 /* Debug */ = {
			isa = XCBuildConfiguration;
			baseConfigurationReference = 4AC400F49CE0D13D682B5CC1 /* Pods-flixster.debug.xcconfig */;
			buildSettings = {
				ASSETCATALOG_COMPILER_APPICON_NAME = AppIcon;
				ASSETCATALOG_COMPILER_GLOBAL_ACCENT_COLOR_NAME = AccentColor;
				CODE_SIGN_STYLE = Automatic;
				INFOPLIST_FILE = flixster/Info.plist;
				LD_RUNPATH_SEARCH_PATHS = (
					"$(inherited)",
					"@executable_path/Frameworks",
				);
				PRODUCT_BUNDLE_IDENTIFIER = Codepath.flixster;
				PRODUCT_NAME = "$(TARGET_NAME)";
				SWIFT_VERSION = 5.0;
				TARGETED_DEVICE_FAMILY = "1,2";
			};
			name = Debug;
		};
		68AB9CD1251DCA2F003AC886 /* Release */ = {
			isa = XCBuildConfiguration;
			baseConfigurationReference = 615CE53996E7B30E781796B2 /* Pods-flixster.release.xcconfig */;
			buildSettings = {
				ASSETCATALOG_COMPILER_APPICON_NAME = AppIcon;
				ASSETCATALOG_COMPILER_GLOBAL_ACCENT_COLOR_NAME = AccentColor;
				CODE_SIGN_STYLE = Automatic;
				INFOPLIST_FILE = flixster/Info.plist;
				LD_RUNPATH_SEARCH_PATHS = (
					"$(inherited)",
					"@executable_path/Frameworks",
				);
				PRODUCT_BUNDLE_IDENTIFIER = Codepath.flixster;
				PRODUCT_NAME = "$(TARGET_NAME)";
				SWIFT_VERSION = 5.0;
				TARGETED_DEVICE_FAMILY = "1,2";
			};
			name = Release;
		};
		68AB9CD3251DCA2F003AC886 /* Debug */ = {
			isa = XCBuildConfiguration;
			baseConfigurationReference = 9C9B89614DA694506DAA504C /* Pods-flixsterTests.debug.xcconfig */;
			buildSettings = {
				ALWAYS_EMBED_SWIFT_STANDARD_LIBRARIES = YES;
				BUNDLE_LOADER = "$(TEST_HOST)";
				CODE_SIGN_STYLE = Automatic;
				INFOPLIST_FILE = flixsterTests/Info.plist;
				IPHONEOS_DEPLOYMENT_TARGET = 14.0;
				LD_RUNPATH_SEARCH_PATHS = (
					"$(inherited)",
					"@executable_path/Frameworks",
					"@loader_path/Frameworks",
				);
				PRODUCT_BUNDLE_IDENTIFIER = Codepath.flixsterTests;
				PRODUCT_NAME = "$(TARGET_NAME)";
				SWIFT_VERSION = 5.0;
				TARGETED_DEVICE_FAMILY = "1,2";
				TEST_HOST = "$(BUILT_PRODUCTS_DIR)/flixster.app/flixster";
			};
			name = Debug;
		};
		68AB9CD4251DCA2F003AC886 /* Release */ = {
			isa = XCBuildConfiguration;
			baseConfigurationReference = C961E6886762931320063699 /* Pods-flixsterTests.release.xcconfig */;
			buildSettings = {
				ALWAYS_EMBED_SWIFT_STANDARD_LIBRARIES = YES;
				BUNDLE_LOADER = "$(TEST_HOST)";
				CODE_SIGN_STYLE = Automatic;
				INFOPLIST_FILE = flixsterTests/Info.plist;
				IPHONEOS_DEPLOYMENT_TARGET = 14.0;
				LD_RUNPATH_SEARCH_PATHS = (
					"$(inherited)",
					"@executable_path/Frameworks",
					"@loader_path/Frameworks",
				);
				PRODUCT_BUNDLE_IDENTIFIER = Codepath.flixsterTests;
				PRODUCT_NAME = "$(TARGET_NAME)";
				SWIFT_VERSION = 5.0;
				TARGETED_DEVICE_FAMILY = "1,2";
				TEST_HOST = "$(BUILT_PRODUCTS_DIR)/flixster.app/flixster";
			};
			name = Release;
		};
		68AB9CD6251DCA2F003AC886 /* Debug */ = {
			isa = XCBuildConfiguration;
			baseConfigurationReference = A50541B764F8021ADD5A4B2A /* Pods-flixster-flixsterUITests.debug.xcconfig */;
			buildSettings = {
				ALWAYS_EMBED_SWIFT_STANDARD_LIBRARIES = YES;
				CODE_SIGN_STYLE = Automatic;
				INFOPLIST_FILE = flixsterUITests/Info.plist;
				LD_RUNPATH_SEARCH_PATHS = (
					"$(inherited)",
					"@executable_path/Frameworks",
					"@loader_path/Frameworks",
				);
				PRODUCT_BUNDLE_IDENTIFIER = Codepath.flixsterUITests;
				PRODUCT_NAME = "$(TARGET_NAME)";
				SWIFT_VERSION = 5.0;
				TARGETED_DEVICE_FAMILY = "1,2";
				TEST_TARGET_NAME = flixster;
			};
			name = Debug;
		};
		68AB9CD7251DCA2F003AC886 /* Release */ = {
			isa = XCBuildConfiguration;
			baseConfigurationReference = E32C478C6416142C1C601BB5 /* Pods-flixster-flixsterUITests.release.xcconfig */;
			buildSettings = {
				ALWAYS_EMBED_SWIFT_STANDARD_LIBRARIES = YES;
				CODE_SIGN_STYLE = Automatic;
				INFOPLIST_FILE = flixsterUITests/Info.plist;
				LD_RUNPATH_SEARCH_PATHS = (
					"$(inherited)",
					"@executable_path/Frameworks",
					"@loader_path/Frameworks",
				);
				PRODUCT_BUNDLE_IDENTIFIER = Codepath.flixsterUITests;
				PRODUCT_NAME = "$(TARGET_NAME)";
				SWIFT_VERSION = 5.0;
				TARGETED_DEVICE_FAMILY = "1,2";
				TEST_TARGET_NAME = flixster;
			};
			name = Release;
		};
/* End XCBuildConfiguration section */

/* Begin XCConfigurationList section */
		68AB9CA0251DCA2A003AC886 /* Build configuration list for PBXProject "flixster" */ = {
			isa = XCConfigurationList;
			buildConfigurations = (
				68AB9CCD251DCA2F003AC886 /* Debug */,
				68AB9CCE251DCA2F003AC886 /* Release */,
			);
			defaultConfigurationIsVisible = 0;
			defaultConfigurationName = Release;
		};
		68AB9CCF251DCA2F003AC886 /* Build configuration list for PBXNativeTarget "flixster" */ = {
			isa = XCConfigurationList;
			buildConfigurations = (
				68AB9CD0251DCA2F003AC886 /* Debug */,
				68AB9CD1251DCA2F003AC886 /* Release */,
			);
			defaultConfigurationIsVisible = 0;
			defaultConfigurationName = Release;
		};
		68AB9CD2251DCA2F003AC886 /* Build configuration list for PBXNativeTarget "flixsterTests" */ = {
			isa = XCConfigurationList;
			buildConfigurations = (
				68AB9CD3251DCA2F003AC886 /* Debug */,
				68AB9CD4251DCA2F003AC886 /* Release */,
			);
			defaultConfigurationIsVisible = 0;
			defaultConfigurationName = Release;
		};
		68AB9CD5251DCA2F003AC886 /* Build configuration list for PBXNativeTarget "flixsterUITests" */ = {
			isa = XCConfigurationList;
			buildConfigurations = (
				68AB9CD6251DCA2F003AC886 /* Debug */,
				68AB9CD7251DCA2F003AC886 /* Release */,
			);
			defaultConfigurationIsVisible = 0;
			defaultConfigurationName = Release;
		};
/* End XCConfigurationList section */
	};
	rootObject = 68AB9C9D251DCA2A003AC886 /* Project object */;
}
